
Microsoft Visual Studio Solution File, Format Version 12.00
# Visual Studio Version 17
VisualStudioVersion = 17.14.36414.22
MinimumVisualStudioVersion = 10.0.40219.1
Project("{FAE04EC0-301F-11D3-BF4B-00C04F79EFBC}") = "HelloWorld", "HelloWorld\HelloWorld.csproj", "{3A798C92-DA22-B784-11D5-249F2DEA19E6}"
EndProject
Project("{FAE04EC0-301F-11D3-BF4B-00C04F79EFBC}") = "DataTypes", "DataTypes\DataTypes.csproj", "{4C88F791-90F7-4841-BA72-4BD533EC8B67}"
EndProject
Project("{FAE04EC0-301F-11D3-BF4B-00C04F79EFBC}") = "OutputApp", "OutputApp\OutputApp.csproj", "{FB24DF26-16C7-4472-ABE5-4CD64B1867AC}"
EndProject
Project("{FAE04EC0-301F-11D3-BF4B-00C04F79EFBC}") = "ReadApp", "ReadApp\ReadApp.csproj", "{69F4DB46-2AC9-4462-AAFC-87D523985BCA}"
EndProject
Project("{FAE04EC0-301F-11D3-BF4B-00C04F79EFBC}") = "ArgsApp", "ArgsApp\ArgsApp.csproj", "{9BE66E3A-2B8A-4C2E-BD09-424217BF837C}"
EndProject
Project("{FAE04EC0-301F-11D3-BF4B-00C04F79EFBC}") = "ExpressionsApp", "ExpressionsApp\ExpressionsApp.csproj", "{0F58CC7B-7FB6-4483-8A7E-A558838D3AA5}"
EndProject
Project("{FAE04EC0-301F-11D3-BF4B-00C04F79EFBC}") = "FactorialApp", "FactorialApp\FactorialApp.csproj", "{12D935E6-66C6-42CF-B4B2-C4A37741B6FE}"
EndProject
Project("{FAE04EC0-301F-11D3-BF4B-00C04F79EFBC}") = "FiboIterativeApp", "FiboIterativeApp\FiboIterativeApp.csproj", "{29696B69-5E05-4F50-B9A7-DAF4FCCF3FA9}"
EndProject
Project("{FAE04EC0-301F-11D3-BF4B-00C04F79EFBC}") = "FiboRecursiveApp", "FiboRecursiveApp\FiboRecursiveApp.csproj", "{F0A58267-80AF-41F0-815B-429885BC65A1}"
EndProject
Project("{FAE04EC0-301F-11D3-BF4B-00C04F79EFBC}") = "FiboWithArray", "FiboWithArray\FiboWithArray.csproj", "{C645C5B9-141A-4B66-BA01-0D7DC0861295}"
EndProject
Project("{FAE04EC0-301F-11D3-BF4B-00C04F79EFBC}") = "IgnoreNegatives", "IgnoreNegatives\IgnoreNegatives.csproj", "{771926DD-0608-4FBE-A842-69D5C605C880}"
EndProject
Project("{FAE04EC0-301F-11D3-BF4B-00C04F79EFBC}") = "PowerApp", "PowerApp\PowerApp.csproj", "{26BDCCB5-9344-4A84-8B5C-277AFDCA63D6}"
EndProject
Project("{FAE04EC0-301F-11D3-BF4B-00C04F79EFBC}") = "PrimesApp", "PrimesApp\PrimesApp.csproj", "{F58AA61E-A6EF-44C1-BA33-EB2086FB5594}"
EndProject
Project("{FAE04EC0-301F-11D3-BF4B-00C04F79EFBC}") = "RightTriangleApp", "RightTriangleApp\RightTriangleApp.csproj", "{8FB2A42E-74C2-4406-8017-6AFCAB3BFD74}"
EndProject
Project("{FAE04EC0-301F-11D3-BF4B-00C04F79EFBC}") = "ArraysOneDim", "ArraysOneDim\ArraysOneDim.csproj", "{0B1B1DC5-D781-4437-BE44-ED4D3FEFDCC4}"
EndProject
Project("{FAE04EC0-301F-11D3-BF4B-00C04F79EFBC}") = "Max2x2App", "Max2x2App\Max2x2App.csproj", "{2694A7F9-AEA0-4CC3-B7BB-224E30D7FD8A}"
EndProject
Project("{FAE04EC0-301F-11D3-BF4B-00C04F79EFBC}") = "ArraysTwoDim", "ArraysTwoDim\ArraysTwoDim.csproj", "{AB944442-F6AE-4ABD-AEB8-683DE31D7E5B}"
EndProject
Project("{FAE04EC0-301F-11D3-BF4B-00C04F79EFBC}") = "StringApp", "StringApp\StringApp.csproj", "{1EB70C7B-ECD9-4744-91E0-593FB4D8DF71}"
EndProject
Project("{FAE04EC0-301F-11D3-BF4B-00C04F79EFBC}") = "NullableStrings", "NullableStrings\NullableStrings.csproj", "{172D385C-64CE-4FA5-83FF-5EAE5FE50C91}"
EndProject
Project("{FAE04EC0-301F-11D3-BF4B-00C04F79EFBC}") = "RegEx", "RegEx\RegEx.csproj", "{C3733BA4-F470-428A-B988-982B16503922}"
EndProject
Project("{FAE04EC0-301F-11D3-BF4B-00C04F79EFBC}") = "GradesApp", "GradesApp\GradesApp.csproj", "{A1FC33AC-3A27-4686-A1EB-573132420E89}"
EndProject
Project("{FAE04EC0-301F-11D3-BF4B-00C04F79EFBC}") = "SwapApp", "SwapApp\SwapApp.csproj", "{611A11CE-0B6A-4B17-BDBD-666A2F23FAAA}"
EndProject
Project("{FAE04EC0-301F-11D3-BF4B-00C04F79EFBC}") = "ParamsApp", "ParamsApp\ParamsApp.csproj", "{5C1C2784-2193-4A46-B1A9-1CA163EE4EEF}"
EndProject
Project("{FAE04EC0-301F-11D3-BF4B-00C04F79EFBC}") = "OptionalParamsApp", "OptionalParamsApp\OptionalParamsApp.csproj", "{39BE03F2-7F5D-4B9D-BFDC-8C8CCF602858}"
EndProject
Project("{FAE04EC0-301F-11D3-BF4B-00C04F79EFBC}") = "MethodOverload", "MethodOverload\MethodOverload.csproj", "{BF91FF1D-F874-48A1-8853-1E4D31EA2245}"
EndProject
Project("{FAE04EC0-301F-11D3-BF4B-00C04F79EFBC}") = "OOApp", "OOApp\OOApp.csproj", "{D1539C51-28FA-4DF5-8B46-368ADE15EDF5}"
EndProject
Project("{FAE04EC0-301F-11D3-BF4B-00C04F79EFBC}") = "AccountApp", "AccountApp\AccountApp.csproj", "{8A7E0638-3D5D-40F2-9ACE-5FA315D4B1AA}"
EndProject
Global
	GlobalSection(SolutionConfigurationPlatforms) = preSolution
		Debug|Any CPU = Debug|Any CPU
		Release|Any CPU = Release|Any CPU
	EndGlobalSection
	GlobalSection(ProjectConfigurationPlatforms) = postSolution
		{3A798C92-DA22-B784-11D5-249F2DEA19E6}.Debug|Any CPU.ActiveCfg = Debug|Any CPU
		{3A798C92-DA22-B784-11D5-249F2DEA19E6}.Debug|Any CPU.Build.0 = Debug|Any CPU
		{3A798C92-DA22-B784-11D5-249F2DEA19E6}.Release|Any CPU.ActiveCfg = Release|Any CPU
		{3A798C92-DA22-B784-11D5-249F2DEA19E6}.Release|Any CPU.Build.0 = Release|Any CPU
		{4C88F791-90F7-4841-BA72-4BD533EC8B67}.Debug|Any CPU.ActiveCfg = Debug|Any CPU
		{4C88F791-90F7-4841-BA72-4BD533EC8B67}.Debug|Any CPU.Build.0 = Debug|Any CPU
		{4C88F791-90F7-4841-BA72-4BD533EC8B67}.Release|Any CPU.ActiveCfg = Release|Any CPU
		{4C88F791-90F7-4841-BA72-4BD533EC8B67}.Release|Any CPU.Build.0 = Release|Any CPU
		{FB24DF26-16C7-4472-ABE5-4CD64B1867AC}.Debug|Any CPU.ActiveCfg = Debug|Any CPU
		{FB24DF26-16C7-4472-ABE5-4CD64B1867AC}.Debug|Any CPU.Build.0 = Debug|Any CPU
		{FB24DF26-16C7-4472-ABE5-4CD64B1867AC}.Release|Any CPU.ActiveCfg = Release|Any CPU
		{FB24DF26-16C7-4472-ABE5-4CD64B1867AC}.Release|Any CPU.Build.0 = Release|Any CPU
		{69F4DB46-2AC9-4462-AAFC-87D523985BCA}.Debug|Any CPU.ActiveCfg = Debug|Any CPU
		{69F4DB46-2AC9-4462-AAFC-87D523985BCA}.Debug|Any CPU.Build.0 = Debug|Any CPU
		{69F4DB46-2AC9-4462-AAFC-87D523985BCA}.Release|Any CPU.ActiveCfg = Release|Any CPU
		{69F4DB46-2AC9-4462-AAFC-87D523985BCA}.Release|Any CPU.Build.0 = Release|Any CPU
		{9BE66E3A-2B8A-4C2E-BD09-424217BF837C}.Debug|Any CPU.ActiveCfg = Debug|Any CPU
		{9BE66E3A-2B8A-4C2E-BD09-424217BF837C}.Debug|Any CPU.Build.0 = Debug|Any CPU
		{9BE66E3A-2B8A-4C2E-BD09-424217BF837C}.Release|Any CPU.ActiveCfg = Release|Any CPU
		{9BE66E3A-2B8A-4C2E-BD09-424217BF837C}.Release|Any CPU.Build.0 = Release|Any CPU
		{0F58CC7B-7FB6-4483-8A7E-A558838D3AA5}.Debug|Any CPU.ActiveCfg = Debug|Any CPU
		{0F58CC7B-7FB6-4483-8A7E-A558838D3AA5}.Debug|Any CPU.Build.0 = Debug|Any CPU
		{0F58CC7B-7FB6-4483-8A7E-A558838D3AA5}.Release|Any CPU.ActiveCfg = Release|Any CPU
		{0F58CC7B-7FB6-4483-8A7E-A558838D3AA5}.Release|Any CPU.Build.0 = Release|Any CPU
		{12D935E6-66C6-42CF-B4B2-C4A37741B6FE}.Debug|Any CPU.ActiveCfg = Debug|Any CPU
		{12D935E6-66C6-42CF-B4B2-C4A37741B6FE}.Debug|Any CPU.Build.0 = Debug|Any CPU
		{12D935E6-66C6-42CF-B4B2-C4A37741B6FE}.Release|Any CPU.ActiveCfg = Release|Any CPU
		{12D935E6-66C6-42CF-B4B2-C4A37741B6FE}.Release|Any CPU.Build.0 = Release|Any CPU
		{29696B69-5E05-4F50-B9A7-DAF4FCCF3FA9}.Debug|Any CPU.ActiveCfg = Debug|Any CPU
		{29696B69-5E05-4F50-B9A7-DAF4FCCF3FA9}.Debug|Any CPU.Build.0 = Debug|Any CPU
		{29696B69-5E05-4F50-B9A7-DAF4FCCF3FA9}.Release|Any CPU.ActiveCfg = Release|Any CPU
		{29696B69-5E05-4F50-B9A7-DAF4FCCF3FA9}.Release|Any CPU.Build.0 = Release|Any CPU
		{F0A58267-80AF-41F0-815B-429885BC65A1}.Debug|Any CPU.ActiveCfg = Debug|Any CPU
		{F0A58267-80AF-41F0-815B-429885BC65A1}.Debug|Any CPU.Build.0 = Debug|Any CPU
		{F0A58267-80AF-41F0-815B-429885BC65A1}.Release|Any CPU.ActiveCfg = Release|Any CPU
		{F0A58267-80AF-41F0-815B-429885BC65A1}.Release|Any CPU.Build.0 = Release|Any CPU
		{C645C5B9-141A-4B66-BA01-0D7DC0861295}.Debug|Any CPU.ActiveCfg = Debug|Any CPU
		{C645C5B9-141A-4B66-BA01-0D7DC0861295}.Debug|Any CPU.Build.0 = Debug|Any CPU
		{C645C5B9-141A-4B66-BA01-0D7DC0861295}.Release|Any CPU.ActiveCfg = Release|Any CPU
		{C645C5B9-141A-4B66-BA01-0D7DC0861295}.Release|Any CPU.Build.0 = Release|Any CPU
		{771926DD-0608-4FBE-A842-69D5C605C880}.Debug|Any CPU.ActiveCfg = Debug|Any CPU
		{771926DD-0608-4FBE-A842-69D5C605C880}.Debug|Any CPU.Build.0 = Debug|Any CPU
		{771926DD-0608-4FBE-A842-69D5C605C880}.Release|Any CPU.ActiveCfg = Release|Any CPU
		{771926DD-0608-4FBE-A842-69D5C605C880}.Release|Any CPU.Build.0 = Release|Any CPU
		{26BDCCB5-9344-4A84-8B5C-277AFDCA63D6}.Debug|Any CPU.ActiveCfg = Debug|Any CPU
		{26BDCCB5-9344-4A84-8B5C-277AFDCA63D6}.Debug|Any CPU.Build.0 = Debug|Any CPU
		{26BDCCB5-9344-4A84-8B5C-277AFDCA63D6}.Release|Any CPU.ActiveCfg = Release|Any CPU
		{26BDCCB5-9344-4A84-8B5C-277AFDCA63D6}.Release|Any CPU.Build.0 = Release|Any CPU
		{F58AA61E-A6EF-44C1-BA33-EB2086FB5594}.Debug|Any CPU.ActiveCfg = Debug|Any CPU
		{F58AA61E-A6EF-44C1-BA33-EB2086FB5594}.Debug|Any CPU.Build.0 = Debug|Any CPU
		{F58AA61E-A6EF-44C1-BA33-EB2086FB5594}.Release|Any CPU.ActiveCfg = Release|Any CPU
		{F58AA61E-A6EF-44C1-BA33-EB2086FB5594}.Release|Any CPU.Build.0 = Release|Any CPU
		{8FB2A42E-74C2-4406-8017-6AFCAB3BFD74}.Debug|Any CPU.ActiveCfg = Debug|Any CPU
		{8FB2A42E-74C2-4406-8017-6AFCAB3BFD74}.Debug|Any CPU.Build.0 = Debug|Any CPU
		{8FB2A42E-74C2-4406-8017-6AFCAB3BFD74}.Release|Any CPU.ActiveCfg = Release|Any CPU
		{8FB2A42E-74C2-4406-8017-6AFCAB3BFD74}.Release|Any CPU.Build.0 = Release|Any CPU
		{0B1B1DC5-D781-4437-BE44-ED4D3FEFDCC4}.Debug|Any CPU.ActiveCfg = Debug|Any CPU
		{0B1B1DC5-D781-4437-BE44-ED4D3FEFDCC4}.Debug|Any CPU.Build.0 = Debug|Any CPU
		{0B1B1DC5-D781-4437-BE44-ED4D3FEFDCC4}.Release|Any CPU.ActiveCfg = Release|Any CPU
		{0B1B1DC5-D781-4437-BE44-ED4D3FEFDCC4}.Release|Any CPU.Build.0 = Release|Any CPU
		{2694A7F9-AEA0-4CC3-B7BB-224E30D7FD8A}.Debug|Any CPU.ActiveCfg = Debug|Any CPU
		{2694A7F9-AEA0-4CC3-B7BB-224E30D7FD8A}.Debug|Any CPU.Build.0 = Debug|Any CPU
		{2694A7F9-AEA0-4CC3-B7BB-224E30D7FD8A}.Release|Any CPU.ActiveCfg = Release|Any CPU
		{2694A7F9-AEA0-4CC3-B7BB-224E30D7FD8A}.Release|Any CPU.Build.0 = Release|Any CPU
		{AB944442-F6AE-4ABD-AEB8-683DE31D7E5B}.Debug|Any CPU.ActiveCfg = Debug|Any CPU
		{AB944442-F6AE-4ABD-AEB8-683DE31D7E5B}.Debug|Any CPU.Build.0 = Debug|Any CPU
		{AB944442-F6AE-4ABD-AEB8-683DE31D7E5B}.Release|Any CPU.ActiveCfg = Release|Any CPU
		{AB944442-F6AE-4ABD-AEB8-683DE31D7E5B}.Release|Any CPU.Build.0 = Release|Any CPU
		{1EB70C7B-ECD9-4744-91E0-593FB4D8DF71}.Debug|Any CPU.ActiveCfg = Debug|Any CPU
		{1EB70C7B-ECD9-4744-91E0-593FB4D8DF71}.Debug|Any CPU.Build.0 = Debug|Any CPU
		{1EB70C7B-ECD9-4744-91E0-593FB4D8DF71}.Release|Any CPU.ActiveCfg = Release|Any CPU
		{1EB70C7B-ECD9-4744-91E0-593FB4D8DF71}.Release|Any CPU.Build.0 = Release|Any CPU
		{172D385C-64CE-4FA5-83FF-5EAE5FE50C91}.Debug|Any CPU.ActiveCfg = Debug|Any CPU
		{172D385C-64CE-4FA5-83FF-5EAE5FE50C91}.Debug|Any CPU.Build.0 = Debug|Any CPU
		{172D385C-64CE-4FA5-83FF-5EAE5FE50C91}.Release|Any CPU.ActiveCfg = Release|Any CPU
		{172D385C-64CE-4FA5-83FF-5EAE5FE50C91}.Release|Any CPU.Build.0 = Release|Any CPU
		{C3733BA4-F470-428A-B988-982B16503922}.Debug|Any CPU.ActiveCfg = Debug|Any CPU
		{C3733BA4-F470-428A-B988-982B16503922}.Debug|Any CPU.Build.0 = Debug|Any CPU
		{C3733BA4-F470-428A-B988-982B16503922}.Release|Any CPU.ActiveCfg = Release|Any CPU
		{C3733BA4-F470-428A-B988-982B16503922}.Release|Any CPU.Build.0 = Release|Any CPU
		{A1FC33AC-3A27-4686-A1EB-573132420E89}.Debug|Any CPU.ActiveCfg = Debug|Any CPU
		{A1FC33AC-3A27-4686-A1EB-573132420E89}.Debug|Any CPU.Build.0 = Debug|Any CPU
		{A1FC33AC-3A27-4686-A1EB-573132420E89}.Release|Any CPU.ActiveCfg = Release|Any CPU
		{A1FC33AC-3A27-4686-A1EB-573132420E89}.Release|Any CPU.Build.0 = Release|Any CPU
		{611A11CE-0B6A-4B17-BDBD-666A2F23FAAA}.Debug|Any CPU.ActiveCfg = Debug|Any CPU
		{611A11CE-0B6A-4B17-BDBD-666A2F23FAAA}.Debug|Any CPU.Build.0 = Debug|Any CPU
		{611A11CE-0B6A-4B17-BDBD-666A2F23FAAA}.Release|Any CPU.ActiveCfg = Release|Any CPU
		{611A11CE-0B6A-4B17-BDBD-666A2F23FAAA}.Release|Any CPU.Build.0 = Release|Any CPU
		{5C1C2784-2193-4A46-B1A9-1CA163EE4EEF}.Debug|Any CPU.ActiveCfg = Debug|Any CPU
		{5C1C2784-2193-4A46-B1A9-1CA163EE4EEF}.Debug|Any CPU.Build.0 = Debug|Any CPU
		{5C1C2784-2193-4A46-B1A9-1CA163EE4EEF}.Release|Any CPU.ActiveCfg = Release|Any CPU
		{5C1C2784-2193-4A46-B1A9-1CA163EE4EEF}.Release|Any CPU.Build.0 = Release|Any CPU
		{39BE03F2-7F5D-4B9D-BFDC-8C8CCF602858}.Debug|Any CPU.ActiveCfg = Debug|Any CPU
		{39BE03F2-7F5D-4B9D-BFDC-8C8CCF602858}.Debug|Any CPU.Build.0 = Debug|Any CPU
		{39BE03F2-7F5D-4B9D-BFDC-8C8CCF602858}.Release|Any CPU.ActiveCfg = Release|Any CPU
		{39BE03F2-7F5D-4B9D-BFDC-8C8CCF602858}.Release|Any CPU.Build.0 = Release|Any CPU
		{BF91FF1D-F874-48A1-8853-1E4D31EA2245}.Debug|Any CPU.ActiveCfg = Debug|Any CPU
		{BF91FF1D-F874-48A1-8853-1E4D31EA2245}.Debug|Any CPU.Build.0 = Debug|Any CPU
		{BF91FF1D-F874-48A1-8853-1E4D31EA2245}.Release|Any CPU.ActiveCfg = Release|Any CPU
		{BF91FF1D-F874-48A1-8853-1E4D31EA2245}.Release|Any CPU.Build.0 = Release|Any CPU
		{D1539C51-28FA-4DF5-8B46-368ADE15EDF5}.Debug|Any CPU.ActiveCfg = Debug|Any CPU
		{D1539C51-28FA-4DF5-8B46-368ADE15EDF5}.Debug|Any CPU.Build.0 = Debug|Any CPU
		{D1539C51-28FA-4DF5-8B46-368ADE15EDF5}.Release|Any CPU.ActiveCfg = Release|Any CPU
		{D1539C51-28FA-4DF5-8B46-368ADE15EDF5}.Release|Any CPU.Build.0 = Release|Any CPU
		{8A7E0638-3D5D-40F2-9ACE-5FA315D4B1AA}.Debug|Any CPU.ActiveCfg = Debug|Any CPU
		{8A7E0638-3D5D-40F2-9ACE-5FA315D4B1AA}.Debug|Any CPU.Build.0 = Debug|Any CPU
		{8A7E0638-3D5D-40F2-9ACE-5FA315D4B1AA}.Release|Any CPU.ActiveCfg = Release|Any CPU
		{8A7E0638-3D5D-40F2-9ACE-5FA315D4B1AA}.Release|Any CPU.Build.0 = Release|Any CPU
	EndGlobalSection
	GlobalSection(SolutionProperties) = preSolution
		HideSolutionNode = FALSE
	EndGlobalSection
	GlobalSection(ExtensibilityGlobals) = postSolution
		SolutionGuid = {7B566095-B913-4FF0-AC5C-CCD1C5CC6D5E}
	EndGlobalSection
EndGlobal
